
Microsoft Visual Studio Solution File, Format Version 12.00
# Visual Studio 14
VisualStudioVersion = 14.0.23107.0
MinimumVisualStudioVersion = 10.0.40219.1
Project("{FAE04EC0-301F-11D3-BF4B-00C04F79EFBC}") = "SpaceConfrontation", "SpaceConfrontation\SpaceConfrontation.csproj", "{B056B5AC-038A-4F3C-B71A-3744867D4326}"
EndProject
Global
	GlobalSection(SolutionConfigurationPlatforms) = preSolution
		Debug|x86 = Debug|x86
		Release|x86 = Release|x86
	EndGlobalSection
	GlobalSection(ProjectConfigurationPlatforms) = postSolution
		{B056B5AC-038A-4F3C-B71A-3744867D4326}.Debug|x86.ActiveCfg = Debug|x86
		{B056B5AC-038A-4F3C-B71A-3744867D4326}.Debug|x86.Build.0 = Debug|x86
		{B056B5AC-038A-4F3C-B71A-3744867D4326}.Release|x86.ActiveCfg = Release|x86
		{B056B5AC-038A-4F3C-B71A-3744867D4326}.Release|x86.Build.0 = Release|x86
	EndGlobalSection
	GlobalSection(SolutionProperties) = preSolution
		HideSolutionNode = FALSE
	EndGlobalSection
EndGlobal
